
Microsoft Visual Studio Solution File, Format Version 12.00
Project("{FAE04EC0-301F-11D3-BF4B-00C04F79EFBC}") = "Atividade3", "Atividade3.csproj", "{09DB1539-3243-428E-9D2B-49C1029C57DD}"
EndProject
Global
	GlobalSection(SolutionConfigurationPlatforms) = preSolution
		Debug|Any CPU = Debug|Any CPU
		Release|Any CPU = Release|Any CPU
	EndGlobalSection
	GlobalSection(ProjectConfigurationPlatforms) = postSolution
		{09DB1539-3243-428E-9D2B-49C1029C57DD}.Debug|Any CPU.ActiveCfg = Debug|Any CPU
		{09DB1539-3243-428E-9D2B-49C1029C57DD}.Debug|Any CPU.Build.0 = Debug|Any CPU
		{09DB1539-3243-428E-9D2B-49C1029C57DD}.Release|Any CPU.ActiveCfg = Release|Any CPU
		{09DB1539-3243-428E-9D2B-49C1029C57DD}.Release|Any CPU.Build.0 = Release|Any CPU
	EndGlobalSection
EndGlobal
