
Microsoft Visual Studio Solution File, Format Version 11.00
# Visual Studio 2010
# SharpDevelop 4.4
Project("{FAE04EC0-301F-11D3-BF4B-00C04F79EFBC}") = "Aula3-5", "Aula3-5.csproj", "{87727D76-9C95-4496-A986-9857EA070123}"
EndProject
Global
	GlobalSection(SolutionConfigurationPlatforms) = preSolution
		Debug|Any CPU = Debug|Any CPU
		Release|Any CPU = Release|Any CPU
	EndGlobalSection
	GlobalSection(ProjectConfigurationPlatforms) = postSolution
		{87727D76-9C95-4496-A986-9857EA070123}.Debug|Any CPU.Build.0 = Debug|Any CPU
		{87727D76-9C95-4496-A986-9857EA070123}.Debug|Any CPU.ActiveCfg = Debug|Any CPU
		{87727D76-9C95-4496-A986-9857EA070123}.Release|Any CPU.Build.0 = Release|Any CPU
		{87727D76-9C95-4496-A986-9857EA070123}.Release|Any CPU.ActiveCfg = Release|Any CPU
	EndGlobalSection
EndGlobal
