
Microsoft Visual Studio Solution File, Format Version 11.00
# Visual Studio 2010
# SharpDevelop 4.4
Project("{FAE04EC0-301F-11D3-BF4B-00C04F79EFBC}") = "Aula 5", "Aula 5.csproj", "{757F0DDA-6475-459C-9955-896D2109237C}"
EndProject
Global
	GlobalSection(SolutionConfigurationPlatforms) = preSolution
		Debug|Any CPU = Debug|Any CPU
		Release|Any CPU = Release|Any CPU
	EndGlobalSection
	GlobalSection(ProjectConfigurationPlatforms) = postSolution
		{757F0DDA-6475-459C-9955-896D2109237C}.Debug|Any CPU.Build.0 = Debug|Any CPU
		{757F0DDA-6475-459C-9955-896D2109237C}.Debug|Any CPU.ActiveCfg = Debug|Any CPU
		{757F0DDA-6475-459C-9955-896D2109237C}.Release|Any CPU.Build.0 = Release|Any CPU
		{757F0DDA-6475-459C-9955-896D2109237C}.Release|Any CPU.ActiveCfg = Release|Any CPU
	EndGlobalSection
EndGlobal
