
Microsoft Visual Studio Solution File, Format Version 11.00
# Visual Studio 2010
# SharpDevelop 4.4
Project("{FAE04EC0-301F-11D3-BF4B-00C04F79EFBC}") = "Aula 5-2", "Aula 5-2.csproj", "{40783F04-A6C0-43F7-AB56-5DCE1EA69B23}"
EndProject
Global
	GlobalSection(SolutionConfigurationPlatforms) = preSolution
		Debug|Any CPU = Debug|Any CPU
		Release|Any CPU = Release|Any CPU
	EndGlobalSection
	GlobalSection(ProjectConfigurationPlatforms) = postSolution
		{40783F04-A6C0-43F7-AB56-5DCE1EA69B23}.Debug|Any CPU.Build.0 = Debug|Any CPU
		{40783F04-A6C0-43F7-AB56-5DCE1EA69B23}.Debug|Any CPU.ActiveCfg = Debug|Any CPU
		{40783F04-A6C0-43F7-AB56-5DCE1EA69B23}.Release|Any CPU.Build.0 = Release|Any CPU
		{40783F04-A6C0-43F7-AB56-5DCE1EA69B23}.Release|Any CPU.ActiveCfg = Release|Any CPU
	EndGlobalSection
EndGlobal
