
Microsoft Visual Studio Solution File, Format Version 11.00
# Visual Studio 2010
# SharpDevelop 4.4
Project("{FAE04EC0-301F-11D3-BF4B-00C04F79EFBC}") = "Aula2-4", "Aula2-4.csproj", "{8BFB160E-B039-487B-8223-FE69DE88CE43}"
EndProject
Global
	GlobalSection(SolutionConfigurationPlatforms) = preSolution
		Debug|Any CPU = Debug|Any CPU
		Release|Any CPU = Release|Any CPU
	EndGlobalSection
	GlobalSection(ProjectConfigurationPlatforms) = postSolution
		{8BFB160E-B039-487B-8223-FE69DE88CE43}.Debug|Any CPU.Build.0 = Debug|Any CPU
		{8BFB160E-B039-487B-8223-FE69DE88CE43}.Debug|Any CPU.ActiveCfg = Debug|Any CPU
		{8BFB160E-B039-487B-8223-FE69DE88CE43}.Release|Any CPU.Build.0 = Release|Any CPU
		{8BFB160E-B039-487B-8223-FE69DE88CE43}.Release|Any CPU.ActiveCfg = Release|Any CPU
	EndGlobalSection
EndGlobal
